
Microsoft Visual Studio Solution File, Format Version 12.00
# Visual Studio 15
VisualStudioVersion = 15.0.26730.15
MinimumVisualStudioVersion = 10.0.40219.1
Project("{9A19103F-16F7-4668-BE54-9A1E7A4F7556}") = "Example_Web_App_1", "Example_Web_App_1\Example_Web_App_1.csproj", "{4D9550DE-14BF-4DD2-BBFF-FE0D41F86FF9}"
EndProject
Project("{FAE04EC0-301F-11D3-BF4B-00C04F79EFBC}") = "Example_Web_App_1_UnitTest", "Example_Web_App_1_UnitTest\Example_Web_App_1_UnitTest.csproj", "{7DACE600-F9A3-4042-9FB7-D97D994B616E}"
EndProject
Global
	GlobalSection(SolutionConfigurationPlatforms) = preSolution
		Debug|Any CPU = Debug|Any CPU
		Release|Any CPU = Release|Any CPU
	EndGlobalSection
	GlobalSection(ProjectConfigurationPlatforms) = postSolution
		{4D9550DE-14BF-4DD2-BBFF-FE0D41F86FF9}.Debug|Any CPU.ActiveCfg = Debug|Any CPU
		{4D9550DE-14BF-4DD2-BBFF-FE0D41F86FF9}.Debug|Any CPU.Build.0 = Debug|Any CPU
		{4D9550DE-14BF-4DD2-BBFF-FE0D41F86FF9}.Release|Any CPU.ActiveCfg = Release|Any CPU
		{4D9550DE-14BF-4DD2-BBFF-FE0D41F86FF9}.Release|Any CPU.Build.0 = Release|Any CPU
		{7DACE600-F9A3-4042-9FB7-D97D994B616E}.Debug|Any CPU.ActiveCfg = Debug|Any CPU
		{7DACE600-F9A3-4042-9FB7-D97D994B616E}.Debug|Any CPU.Build.0 = Debug|Any CPU
		{7DACE600-F9A3-4042-9FB7-D97D994B616E}.Release|Any CPU.ActiveCfg = Release|Any CPU
		{7DACE600-F9A3-4042-9FB7-D97D994B616E}.Release|Any CPU.Build.0 = Release|Any CPU
	EndGlobalSection
	GlobalSection(SolutionProperties) = preSolution
		HideSolutionNode = FALSE
	EndGlobalSection
	GlobalSection(ExtensibilityGlobals) = postSolution
		SolutionGuid = {37B0C935-DCF5-4362-8E30-534FD6816F8F}
	EndGlobalSection
EndGlobal
